// !$*UTF8*$!
{
	archiveVersion = 1;
	classes = {
	};
	objectVersion = 45;
	objects = {

/* Begin PBXBuildFile section */
		1D3623260D0F684500981E51 /* SunClockAppDelegate.m in Sources */ = {isa = PBXBuildFile; fileRef = 1D3623250D0F684500981E51 /* SunClockAppDelegate.m */; };
		1D60589B0D05DD56006BFB54 /* main.m in Sources */ = {isa = PBXBuildFile; fileRef = 29B97316FDCFA39411CA2CEA /* main.m */; };
		1D60589F0D05DD5A006BFB54 /* Foundation.framework in Frameworks */ = {isa = PBXBuildFile; fileRef = 1D30AB110D05D00D00671497 /* Foundation.framework */; };
		1DF5F4E00D08C38300B7A737 /* UIKit.framework in Frameworks */ = {isa = PBXBuildFile; fileRef = 1DF5F4DF0D08C38300B7A737 /* UIKit.framework */; };
		288765A50DF7441C002DB57D /* CoreGraphics.framework in Frameworks */ = {isa = PBXBuildFile; fileRef = 288765A40DF7441C002DB57D /* CoreGraphics.framework */; };
		2899E5220DE3E06400AC0155 /* SunClockViewController.xib in Resources */ = {isa = PBXBuildFile; fileRef = 2899E5210DE3E06400AC0155 /* SunClockViewController.xib */; };
		28AD733F0D9D9553002E5188 /* MainWindow.xib in Resources */ = {isa = PBXBuildFile; fileRef = 28AD733E0D9D9553002E5188 /* MainWindow.xib */; };
		28D7ACF80DDB3853001CB0EB /* SunClockViewController.m in Sources */ = {isa = PBXBuildFile; fileRef = 28D7ACF70DDB3853001CB0EB /* SunClockViewController.m */; };
		EA04A215143E16E900653589 /* DegitalBg.png in Resources */ = {isa = PBXBuildFile; fileRef = EA04A214143E16E900653589 /* DegitalBg.png */; };
		EA04A22A143E1C4200653589 /* DegitalFace.png in Resources */ = {isa = PBXBuildFile; fileRef = EA04A229143E1C4200653589 /* DegitalFace.png */; };
		EA04A238143E254D00653589 /* PanelBg.png in Resources */ = {isa = PBXBuildFile; fileRef = EA04A237143E254D00653589 /* PanelBg.png */; };
		EA04A23C143E28E200653589 /* PanelIcon.png in Resources */ = {isa = PBXBuildFile; fileRef = EA04A23B143E28E200653589 /* PanelIcon.png */; };
		EA04A246143E2C0900653589 /* DegitalFace@2x.png in Resources */ = {isa = PBXBuildFile; fileRef = EA04A241143E2C0900653589 /* DegitalFace@2x.png */; };
		EA04A247143E2C0900653589 /* Face@2x.png in Resources */ = {isa = PBXBuildFile; fileRef = EA04A242143E2C0900653589 /* Face@2x.png */; };
		EA04A248143E2C0900653589 /* PanelIcon@2x.png in Resources */ = {isa = PBXBuildFile; fileRef = EA04A243143E2C0900653589 /* PanelIcon@2x.png */; };
		EA04A249143E2C0900653589 /* Second@2x.png in Resources */ = {isa = PBXBuildFile; fileRef = EA04A244143E2C0900653589 /* Second@2x.png */; };
		EA04A24A143E2C0900653589 /* Sun@2x.png in Resources */ = {isa = PBXBuildFile; fileRef = EA04A245143E2C0900653589 /* Sun@2x.png */; };
		EA04A254143FB3BE00653589 /* Bg@2x.png in Resources */ = {isa = PBXBuildFile; fileRef = EA04A24F143FB3BE00653589 /* Bg@2x.png */; };
		EA04A255143FB3BE00653589 /* Default@2x.png in Resources */ = {isa = PBXBuildFile; fileRef = EA04A250143FB3BE00653589 /* Default@2x.png */; };
		EA04A256143FB3BE00653589 /* DegitalBg@2x.png in Resources */ = {isa = PBXBuildFile; fileRef = EA04A251143FB3BE00653589 /* DegitalBg@2x.png */; };
		EA04A257143FB3BE00653589 /* Hand@2x.png in Resources */ = {isa = PBXBuildFile; fileRef = EA04A252143FB3BE00653589 /* Hand@2x.png */; };
		EA04A258143FB3BE00653589 /* PanelBg@2x.png in Resources */ = {isa = PBXBuildFile; fileRef = EA04A253143FB3BE00653589 /* PanelBg@2x.png */; };
		EA04A25A143FB9DF00653589 /* Icon@2x.png in Resources */ = {isa = PBXBuildFile; fileRef = EA04A259143FB9DF00653589 /* Icon@2x.png */; };
		EA63ADA41658AD78002C8145 /* Crysta.ttf in Resources */ = {isa = PBXBuildFile; fileRef = EA63ADA31658AD78002C8145 /* Crysta.ttf */; };
		EA68173A1658F35500945032 /* Settings.bundle in Resources */ = {isa = PBXBuildFile; fileRef = EA6817391658F35500945032 /* Settings.bundle */; };
		EA6B6F0B130BF5E400B55652 /* Bg.png in Resources */ = {isa = PBXBuildFile; fileRef = EA6B6F00130BF5E400B55652 /* Bg.png */; };
		EA6B6F0C130BF5E400B55652 /* Default.png in Resources */ = {isa = PBXBuildFile; fileRef = EA6B6F01130BF5E400B55652 /* Default.png */; };
		EA6B6F0F130BF5E400B55652 /* Face.png in Resources */ = {isa = PBXBuildFile; fileRef = EA6B6F04130BF5E400B55652 /* Face.png */; };
		EA6B6F10130BF5E400B55652 /* Hand.png in Resources */ = {isa = PBXBuildFile; fileRef = EA6B6F05130BF5E400B55652 /* Hand.png */; };
		EA6B6F11130BF5E400B55652 /* Icon.png in Resources */ = {isa = PBXBuildFile; fileRef = EA6B6F06130BF5E400B55652 /* Icon.png */; };
		EA6B6F14130BF5E400B55652 /* Second.png in Resources */ = {isa = PBXBuildFile; fileRef = EA6B6F09130BF5E400B55652 /* Second.png */; };
		EA6B6F15130BF5E400B55652 /* Sun.png in Resources */ = {isa = PBXBuildFile; fileRef = EA6B6F0A130BF5E400B55652 /* Sun.png */; };
		EA6B6F9D130D17A800B55652 /* CalcAction.m in Sources */ = {isa = PBXBuildFile; fileRef = EA6B6F9C130D17A800B55652 /* CalcAction.m */; };
		EA6B6FA5130D184500B55652 /* CalcGps.m in Sources */ = {isa = PBXBuildFile; fileRef = EA6B6FA2130D184500B55652 /* CalcGps.m */; };
		EA6B6FA6130D184500B55652 /* CalcSolar.m in Sources */ = {isa = PBXBuildFile; fileRef = EA6B6FA4130D184500B55652 /* CalcSolar.m */; };
		EA6B6FA8130D189000B55652 /* CoreLocation.framework in Frameworks */ = {isa = PBXBuildFile; fileRef = EA6B6FA7130D189000B55652 /* CoreLocation.framework */; };
		EAFC315A130EB94B008295CD /* Clear.caf in Resources */ = {isa = PBXBuildFile; fileRef = EAFC3158130EB94B008295CD /* Clear.caf */; };
		EAFC315B130EB94B008295CD /* Plus.caf in Resources */ = {isa = PBXBuildFile; fileRef = EAFC3159130EB94B008295CD /* Plus.caf */; };
		EAFC3165130EBC54008295CD /* AudioToolbox.framework in Frameworks */ = {isa = PBXBuildFile; fileRef = EAFC3164130EBC54008295CD /* AudioToolbox.framework */; };
/* End PBXBuildFile section */

/* Begin PBXFileReference section */
		1D30AB110D05D00D00671497 /* Foundation.framework */ = {isa = PBXFileReference; lastKnownFileType = wrapper.framework; name = Foundation.framework; path = System/Library/Frameworks/Foundation.framework; sourceTree = SDKROOT; };
		1D3623240D0F684500981E51 /* SunClockAppDelegate.h */ = {isa = PBXFileReference; fileEncoding = 4; lastKnownFileType = sourcecode.c.h; path = SunClockAppDelegate.h; sourceTree = "<group>"; };
		1D3623250D0F684500981E51 /* SunClockAppDelegate.m */ = {isa = PBXFileReference; fileEncoding = 4; lastKnownFileType = sourcecode.c.objc; path = SunClockAppDelegate.m; sourceTree = "<group>"; };
		1D6058910D05DD3D006BFB54 /* SunClock.app */ = {isa = PBXFileReference; explicitFileType = wrapper.application; includeInIndex = 0; path = SunClock.app; sourceTree = BUILT_PRODUCTS_DIR; };
		1DF5F4DF0D08C38300B7A737 /* UIKit.framework */ = {isa = PBXFileReference; lastKnownFileType = wrapper.framework; name = UIKit.framework; path = System/Library/Frameworks/UIKit.framework; sourceTree = SDKROOT; };
		288765A40DF7441C002DB57D /* CoreGraphics.framework */ = {isa = PBXFileReference; lastKnownFileType = wrapper.framework; name = CoreGraphics.framework; path = System/Library/Frameworks/CoreGraphics.framework; sourceTree = SDKROOT; };
		2899E5210DE3E06400AC0155 /* SunClockViewController.xib */ = {isa = PBXFileReference; lastKnownFileType = file.xib; path = SunClockViewController.xib; sourceTree = "<group>"; };
		28AD733E0D9D9553002E5188 /* MainWindow.xib */ = {isa = PBXFileReference; lastKnownFileType = file.xib; path = MainWindow.xib; sourceTree = "<group>"; };
		28D7ACF60DDB3853001CB0EB /* SunClockViewController.h */ = {isa = PBXFileReference; fileEncoding = 4; lastKnownFileType = sourcecode.c.h; path = SunClockViewController.h; sourceTree = "<group>"; };
		28D7ACF70DDB3853001CB0EB /* SunClockViewController.m */ = {isa = PBXFileReference; fileEncoding = 4; lastKnownFileType = sourcecode.c.objc; path = SunClockViewController.m; sourceTree = "<group>"; };
		29B97316FDCFA39411CA2CEA /* main.m */ = {isa = PBXFileReference; fileEncoding = 4; lastKnownFileType = sourcecode.c.objc; path = main.m; sourceTree = "<group>"; };
		32CA4F630368D1EE00C91783 /* SunClock_Prefix.pch */ = {isa = PBXFileReference; fileEncoding = 4; lastKnownFileType = sourcecode.c.h; path = SunClock_Prefix.pch; sourceTree = "<group>"; };
		8D1107310486CEB800E47090 /* SunClock-Info.plist */ = {isa = PBXFileReference; fileEncoding = 4; lastKnownFileType = text.plist.xml; path = "SunClock-Info.plist"; plistStructureDefinitionIdentifier = "com.apple.xcode.plist.structure-definition.iphone.info-plist"; sourceTree = "<group>"; };
		EA04A214143E16E900653589 /* DegitalBg.png */ = {isa = PBXFileReference; lastKnownFileType = image.png; path = DegitalBg.png; sourceTree = "<group>"; };
		EA04A229143E1C4200653589 /* DegitalFace.png */ = {isa = PBXFileReference; lastKnownFileType = image.png; path = DegitalFace.png; sourceTree = "<group>"; };
		EA04A237143E254D00653589 /* PanelBg.png */ = {isa = PBXFileReference; lastKnownFileType = image.png; path = PanelBg.png; sourceTree = "<group>"; };
		EA04A23B143E28E200653589 /* PanelIcon.png */ = {isa = PBXFileReference; lastKnownFileType = image.png; path = PanelIcon.png; sourceTree = "<group>"; };
		EA04A241143E2C0900653589 /* DegitalFace@2x.png */ = {isa = PBXFileReference; lastKnownFileType = image.png; path = "DegitalFace@2x.png"; sourceTree = "<group>"; };
		EA04A242143E2C0900653589 /* Face@2x.png */ = {isa = PBXFileReference; lastKnownFileType = image.png; path = "Face@2x.png"; sourceTree = "<group>"; };
		EA04A243143E2C0900653589 /* PanelIcon@2x.png */ = {isa = PBXFileReference; lastKnownFileType = image.png; path = "PanelIcon@2x.png"; sourceTree = "<group>"; };
		EA04A244143E2C0900653589 /* Second@2x.png */ = {isa = PBXFileReference; lastKnownFileType = image.png; path = "Second@2x.png"; sourceTree = "<group>"; };
		EA04A245143E2C0900653589 /* Sun@2x.png */ = {isa = PBXFileReference; lastKnownFileType = image.png; path = "Sun@2x.png"; sourceTree = "<group>"; };
		EA04A24F143FB3BE00653589 /* Bg@2x.png */ = {isa = PBXFileReference; lastKnownFileType = image.png; path = "Bg@2x.png"; sourceTree = "<group>"; };
		EA04A250143FB3BE00653589 /* Default@2x.png */ = {isa = PBXFileReference; lastKnownFileType = image.png; path = "Default@2x.png"; sourceTree = "<group>"; };
		EA04A251143FB3BE00653589 /* DegitalBg@2x.png */ = {isa = PBXFileReference; lastKnownFileType = image.png; path = "DegitalBg@2x.png"; sourceTree = "<group>"; };
		EA04A252143FB3BE00653589 /* Hand@2x.png */ = {isa = PBXFileReference; lastKnownFileType = image.png; path = "Hand@2x.png"; sourceTree = "<group>"; };
		EA04A253143FB3BE00653589 /* PanelBg@2x.png */ = {isa = PBXFileReference; lastKnownFileType = image.png; path = "PanelBg@2x.png"; sourceTree = "<group>"; };
		EA04A259143FB9DF00653589 /* Icon@2x.png */ = {isa = PBXFileReference; lastKnownFileType = image.png; path = "Icon@2x.png"; sourceTree = "<group>"; };
		EA63ADA31658AD78002C8145 /* Crysta.ttf */ = {isa = PBXFileReference; lastKnownFileType = file; path = Crysta.ttf; sourceTree = "<group>"; };
		EA6817391658F35500945032 /* Settings.bundle */ = {isa = PBXFileReference; lastKnownFileType = "wrapper.plug-in"; path = Settings.bundle; sourceTree = "<group>"; };
		EA68176D1658FD1E00945032 /* Config.h */ = {isa = PBXFileReference; fileEncoding = 4; lastKnownFileType = sourcecode.c.h; path = Config.h; sourceTree = "<group>"; };
		EA6B6F00130BF5E400B55652 /* Bg.png */ = {isa = PBXFileReference; lastKnownFileType = image.png; path = Bg.png; sourceTree = "<group>"; };
		EA6B6F01130BF5E400B55652 /* Default.png */ = {isa = PBXFileReference; lastKnownFileType = image.png; path = Default.png; sourceTree = "<group>"; };
		EA6B6F04130BF5E400B55652 /* Face.png */ = {isa = PBXFileReference; lastKnownFileType = image.png; path = Face.png; sourceTree = "<group>"; };
		EA6B6F05130BF5E400B55652 /* Hand.png */ = {isa = PBXFileReference; lastKnownFileType = image.png; path = Hand.png; sourceTree = "<group>"; };
		EA6B6F06130BF5E400B55652 /* Icon.png */ = {isa = PBXFileReference; lastKnownFileType = image.png; path = Icon.png; sourceTree = "<group>"; };
		EA6B6F09130BF5E400B55652 /* Second.png */ = {isa = PBXFileReference; lastKnownFileType = image.png; path = Second.png; sourceTree = "<group>"; };
		EA6B6F0A130BF5E400B55652 /* Sun.png */ = {isa = PBXFileReference; lastKnownFileType = image.png; path = Sun.png; sourceTree = "<group>"; };
		EA6B6F9B130D17A800B55652 /* CalcAction.h */ = {isa = PBXFileReference; fileEncoding = 4; lastKnownFileType = sourcecode.c.h; path = CalcAction.h; sourceTree = "<group>"; };
		EA6B6F9C130D17A800B55652 /* CalcAction.m */ = {isa = PBXFileReference; fileEncoding = 4; lastKnownFileType = sourcecode.c.objc; path = CalcAction.m; sourceTree = "<group>"; };
		EA6B6FA1130D184500B55652 /* CalcGps.h */ = {isa = PBXFileReference; fileEncoding = 4; lastKnownFileType = sourcecode.c.h; path = CalcGps.h; sourceTree = "<group>"; };
		EA6B6FA2130D184500B55652 /* CalcGps.m */ = {isa = PBXFileReference; fileEncoding = 4; lastKnownFileType = sourcecode.c.objc; path = CalcGps.m; sourceTree = "<group>"; };
		EA6B6FA3130D184500B55652 /* CalcSolar.h */ = {isa = PBXFileReference; fileEncoding = 4; lastKnownFileType = sourcecode.c.h; path = CalcSolar.h; sourceTree = "<group>"; };
		EA6B6FA4130D184500B55652 /* CalcSolar.m */ = {isa = PBXFileReference; fileEncoding = 4; lastKnownFileType = sourcecode.c.objc; path = CalcSolar.m; sourceTree = "<group>"; };
		EA6B6FA7130D189000B55652 /* CoreLocation.framework */ = {isa = PBXFileReference; lastKnownFileType = wrapper.framework; name = CoreLocation.framework; path = System/Library/Frameworks/CoreLocation.framework; sourceTree = SDKROOT; };
		EAFC3158130EB94B008295CD /* Clear.caf */ = {isa = PBXFileReference; lastKnownFileType = file; path = Clear.caf; sourceTree = "<group>"; };
		EAFC3159130EB94B008295CD /* Plus.caf */ = {isa = PBXFileReference; lastKnownFileType = file; path = Plus.caf; sourceTree = "<group>"; };
		EAFC3164130EBC54008295CD /* AudioToolbox.framework */ = {isa = PBXFileReference; lastKnownFileType = wrapper.framework; name = AudioToolbox.framework; path = System/Library/Frameworks/AudioToolbox.framework; sourceTree = SDKROOT; };
/* End PBXFileReference section */

/* Begin PBXFrameworksBuildPhase section */
		1D60588F0D05DD3D006BFB54 /* Frameworks */ = {
			isa = PBXFrameworksBuildPhase;
			buildActionMask = 2147483647;
			files = (
				1D60589F0D05DD5A006BFB54 /* Foundation.framework in Frameworks */,
				1DF5F4E00D08C38300B7A737 /* UIKit.framework in Frameworks */,
				288765A50DF7441C002DB57D /* CoreGraphics.framework in Frameworks */,
				EA6B6FA8130D189000B55652 /* CoreLocation.framework in Frameworks */,
				EAFC3165130EBC54008295CD /* AudioToolbox.framework in Frameworks */,
			);
			runOnlyForDeploymentPostprocessing = 0;
		};
/* End PBXFrameworksBuildPhase section */

/* Begin PBXGroup section */
		080E96DDFE201D6D7F000001 /* Classes */ = {
			isa = PBXGroup;
			children = (
				EA6B6F9B130D17A800B55652 /* CalcAction.h */,
				EA6B6F9C130D17A800B55652 /* CalcAction.m */,
				1D3623240D0F684500981E51 /* SunClockAppDelegate.h */,
				1D3623250D0F684500981E51 /* SunClockAppDelegate.m */,
				28D7ACF60DDB3853001CB0EB /* SunClockViewController.h */,
				28D7ACF70DDB3853001CB0EB /* SunClockViewController.m */,
				EA68176D1658FD1E00945032 /* Config.h */,
			);
			path = Classes;
			sourceTree = "<group>";
		};
		19C28FACFE9D520D11CA2CBB /* Products */ = {
			isa = PBXGroup;
			children = (
				1D6058910D05DD3D006BFB54 /* SunClock.app */,
			);
			name = Products;
			sourceTree = "<group>";
		};
		29B97314FDCFA39411CA2CEA /* CustomTemplate */ = {
			isa = PBXGroup;
			children = (
				080E96DDFE201D6D7F000001 /* Classes */,
				29B97315FDCFA39411CA2CEA /* Other Sources */,
				29B97317FDCFA39411CA2CEA /* Resources */,
				29B97323FDCFA39411CA2CEA /* Frameworks */,
				19C28FACFE9D520D11CA2CBB /* Products */,
			);
			name = CustomTemplate;
			sourceTree = "<group>";
		};
		29B97315FDCFA39411CA2CEA /* Other Sources */ = {
			isa = PBXGroup;
			children = (
				EA6B6FA1130D184500B55652 /* CalcGps.h */,
				EA6B6FA2130D184500B55652 /* CalcGps.m */,
				EA6B6FA3130D184500B55652 /* CalcSolar.h */,
				EA6B6FA4130D184500B55652 /* CalcSolar.m */,
				32CA4F630368D1EE00C91783 /* SunClock_Prefix.pch */,
				29B97316FDCFA39411CA2CEA /* main.m */,
			);
			name = "Other Sources";
			sourceTree = "<group>";
		};
		29B97317FDCFA39411CA2CEA /* Resources */ = {
			isa = PBXGroup;
			children = (
				EA63AD991658A93D002C8145 /* fonts */,
				EAFC3157130EB94B008295CD /* sounds */,
				EA6B6EFF130BF5E400B55652 /* images */,
				2899E5210DE3E06400AC0155 /* SunClockViewController.xib */,
				28AD733E0D9D9553002E5188 /* MainWindow.xib */,
				8D1107310486CEB800E47090 /* SunClock-Info.plist */,
				EA6817391658F35500945032 /* Settings.bundle */,
			);
			name = Resources;
			sourceTree = "<group>";
		};
		29B97323FDCFA39411CA2CEA /* Frameworks */ = {
			isa = PBXGroup;
			children = (
				1DF5F4DF0D08C38300B7A737 /* UIKit.framework */,
				1D30AB110D05D00D00671497 /* Foundation.framework */,
				288765A40DF7441C002DB57D /* CoreGraphics.framework */,
				EA6B6FA7130D189000B55652 /* CoreLocation.framework */,
				EAFC3164130EBC54008295CD /* AudioToolbox.framework */,
			);
			name = Frameworks;
			sourceTree = "<group>";
		};
		EA63AD991658A93D002C8145 /* fonts */ = {
			isa = PBXGroup;
			children = (
				EA63ADA31658AD78002C8145 /* Crysta.ttf */,
			);
			path = fonts;
			sourceTree = "<group>";
		};
		EA6B6EFF130BF5E400B55652 /* images */ = {
			isa = PBXGroup;
			children = (
				EA04A259143FB9DF00653589 /* Icon@2x.png */,
				EA04A24F143FB3BE00653589 /* Bg@2x.png */,
				EA04A250143FB3BE00653589 /* Default@2x.png */,
				EA04A251143FB3BE00653589 /* DegitalBg@2x.png */,
				EA04A252143FB3BE00653589 /* Hand@2x.png */,
				EA04A253143FB3BE00653589 /* PanelBg@2x.png */,
				EA04A241143E2C0900653589 /* DegitalFace@2x.png */,
				EA04A242143E2C0900653589 /* Face@2x.png */,
				EA04A243143E2C0900653589 /* PanelIcon@2x.png */,
				EA04A244143E2C0900653589 /* Second@2x.png */,
				EA04A245143E2C0900653589 /* Sun@2x.png */,
				EA04A23B143E28E200653589 /* PanelIcon.png */,
				EA04A237143E254D00653589 /* PanelBg.png */,
				EA04A229143E1C4200653589 /* DegitalFace.png */,
				EA04A214143E16E900653589 /* DegitalBg.png */,
				EA6B6F00130BF5E400B55652 /* Bg.png */,
				EA6B6F01130BF5E400B55652 /* Default.png */,
				EA6B6F04130BF5E400B55652 /* Face.png */,
				EA6B6F05130BF5E400B55652 /* Hand.png */,
				EA6B6F06130BF5E400B55652 /* Icon.png */,
				EA6B6F09130BF5E400B55652 /* Second.png */,
				EA6B6F0A130BF5E400B55652 /* Sun.png */,
			);
			path = images;
			sourceTree = "<group>";
		};
		EAFC3157130EB94B008295CD /* sounds */ = {
			isa = PBXGroup;
			children = (
				EAFC3158130EB94B008295CD /* Clear.caf */,
				EAFC3159130EB94B008295CD /* Plus.caf */,
			);
			path = sounds;
			sourceTree = "<group>";
		};
/* End PBXGroup section */

/* Begin PBXNativeTarget section */
		1D6058900D05DD3D006BFB54 /* SunClock */ = {
			isa = PBXNativeTarget;
			buildConfigurationList = 1D6058960D05DD3E006BFB54 /* Build configuration list for PBXNativeTarget "SunClock" */;
			buildPhases = (
				1D60588D0D05DD3D006BFB54 /* Resources */,
				1D60588E0D05DD3D006BFB54 /* Sources */,
				1D60588F0D05DD3D006BFB54 /* Frameworks */,
			);
			buildRules = (
			);
			dependencies = (
			);
			name = SunClock;
			productName = SunClock;
			productReference = 1D6058910D05DD3D006BFB54 /* SunClock.app */;
			productType = "com.apple.product-type.application";
		};
/* End PBXNativeTarget section */

/* Begin PBXProject section */
		29B97313FDCFA39411CA2CEA /* Project object */ = {
			isa = PBXProject;
			buildConfigurationList = C01FCF4E08A954540054247B /* Build configuration list for PBXProject "SunClock" */;
			compatibilityVersion = "Xcode 3.1";
			developmentRegion = English;
			hasScannedForEncodings = 1;
			knownRegions = (
				English,
				Japanese,
				French,
				German,
			);
			mainGroup = 29B97314FDCFA39411CA2CEA /* CustomTemplate */;
			projectDirPath = "";
			projectRoot = "";
			targets = (
				1D6058900D05DD3D006BFB54 /* SunClock */,
			);
		};
/* End PBXProject section */

/* Begin PBXResourcesBuildPhase section */
		1D60588D0D05DD3D006BFB54 /* Resources */ = {
			isa = PBXResourcesBuildPhase;
			buildActionMask = 2147483647;
			files = (
				28AD733F0D9D9553002E5188 /* MainWindow.xib in Resources */,
				2899E5220DE3E06400AC0155 /* SunClockViewController.xib in Resources */,
				EA6B6F0B130BF5E400B55652 /* Bg.png in Resources */,
				EA6B6F0C130BF5E400B55652 /* Default.png in Resources */,
				EA6B6F0F130BF5E400B55652 /* Face.png in Resources */,
				EA6B6F10130BF5E400B55652 /* Hand.png in Resources */,
				EA6B6F11130BF5E400B55652 /* Icon.png in Resources */,
				EA6B6F14130BF5E400B55652 /* Second.png in Resources */,
				EA6B6F15130BF5E400B55652 /* Sun.png in Resources */,
				EAFC315A130EB94B008295CD /* Clear.caf in Resources */,
				EAFC315B130EB94B008295CD /* Plus.caf in Resources */,
				EA04A215143E16E900653589 /* DegitalBg.png in Resources */,
				EA04A22A143E1C4200653589 /* DegitalFace.png in Resources */,
				EA04A238143E254D00653589 /* PanelBg.png in Resources */,
				EA04A23C143E28E200653589 /* PanelIcon.png in Resources */,
				EA04A246143E2C0900653589 /* DegitalFace@2x.png in Resources */,
				EA04A247143E2C0900653589 /* Face@2x.png in Resources */,
				EA04A248143E2C0900653589 /* PanelIcon@2x.png in Resources */,
				EA04A249143E2C0900653589 /* Second@2x.png in Resources */,
				EA04A24A143E2C0900653589 /* Sun@2x.png in Resources */,
				EA04A254143FB3BE00653589 /* Bg@2x.png in Resources */,
				EA04A255143FB3BE00653589 /* Default@2x.png in Resources */,
				EA04A256143FB3BE00653589 /* DegitalBg@2x.png in Resources */,
				EA04A257143FB3BE00653589 /* Hand@2x.png in Resources */,
				EA04A258143FB3BE00653589 /* PanelBg@2x.png in Resources */,
				EA04A25A143FB9DF00653589 /* Icon@2x.png in Resources */,
				EA63ADA41658AD78002C8145 /* Crysta.ttf in Resources */,
				EA68173A1658F35500945032 /* Settings.bundle in Resources */,
			);
			runOnlyForDeploymentPostprocessing = 0;
		};
/* End PBXResourcesBuildPhase section */

/* Begin PBXSourcesBuildPhase section */
		1D60588E0D05DD3D006BFB54 /* Sources */ = {
			isa = PBXSourcesBuildPhase;
			buildActionMask = 2147483647;
			files = (
				1D60589B0D05DD56006BFB54 /* main.m in Sources */,
				1D3623260D0F684500981E51 /* SunClockAppDelegate.m in Sources */,
				28D7ACF80DDB3853001CB0EB /* SunClockViewController.m in Sources */,
				EA6B6F9D130D17A800B55652 /* CalcAction.m in Sources */,
				EA6B6FA5130D184500B55652 /* CalcGps.m in Sources */,
				EA6B6FA6130D184500B55652 /* CalcSolar.m in Sources */,
			);
			runOnlyForDeploymentPostprocessing = 0;
		};
/* End PBXSourcesBuildPhase section */

/* Begin XCBuildConfiguration section */
		1D6058940D05DD3E006BFB54 /* Debug */ = {
			isa = XCBuildConfiguration;
			buildSettings = {
				ALWAYS_SEARCH_USER_PATHS = NO;
				COPY_PHASE_STRIP = NO;
				GCC_DYNAMIC_NO_PIC = NO;
				GCC_OPTIMIZATION_LEVEL = 0;
				GCC_PRECOMPILE_PREFIX_HEADER = YES;
				GCC_PREFIX_HEADER = SunClock_Prefix.pch;
				INFOPLIST_FILE = "SunClock-Info.plist";
				PRODUCT_NAME = SunClock;
			};
			name = Debug;
		};
		1D6058950D05DD3E006BFB54 /* Release */ = {
			isa = XCBuildConfiguration;
			buildSettings = {
				ALWAYS_SEARCH_USER_PATHS = NO;
				COPY_PHASE_STRIP = YES;
				GCC_PRECOMPILE_PREFIX_HEADER = YES;
				GCC_PREFIX_HEADER = SunClock_Prefix.pch;
				INFOPLIST_FILE = "SunClock-Info.plist";
				PRODUCT_NAME = SunClock;
				VALIDATE_PRODUCT = YES;
			};
			name = Release;
		};
		C01FCF4F08A954540054247B /* Debug */ = {
			isa = XCBuildConfiguration;
			buildSettings = {
				ARCHS = "$(ARCHS_STANDARD_32_BIT)";
				"CODE_SIGN_IDENTITY[sdk=iphoneos*]" = "iPhone Developer";
				GCC_C_LANGUAGE_STANDARD = c99;
				GCC_WARN_ABOUT_RETURN_TYPE = YES;
				GCC_WARN_UNUSED_VARIABLE = YES;
				IPHONEOS_DEPLOYMENT_TARGET = 3.0;
				PREBINDING = NO;
				"PROVISIONING_PROFILE[sdk=iphoneos*]" = "";
				SDKROOT = iphoneos;
			};
			name = Debug;
		};
		C01FCF5008A954540054247B /* Release */ = {
			isa = XCBuildConfiguration;
			buildSettings = {
				ARCHS = "$(ARCHS_STANDARD_32_BIT)";
				"CODE_SIGN_IDENTITY[sdk=iphoneos*]" = "iPhone Developer: Takahiko Watanabe (JSPK54N73L)";
				GCC_C_LANGUAGE_STANDARD = c99;
				GCC_WARN_ABOUT_RETURN_TYPE = YES;
				GCC_WARN_UNUSED_VARIABLE = YES;
				IPHONEOS_DEPLOYMENT_TARGET = 3.0;
				OTHER_CFLAGS = "-DNS_BLOCK_ASSERTIONS=1";
				PREBINDING = NO;
				"PROVISIONING_PROFILE[sdk=iphoneos*]" = "E8B8AD11-0F09-4741-9C99-19248CBD909F";
				SDKROOT = iphoneos;
			};
			name = Release;
		};
		EACCD36B13475AED0084B34D /* Distribution */ = {
			isa = XCBuildConfiguration;
			buildSettings = {
				ARCHS = "$(ARCHS_STANDARD_32_BIT)";
				"CODE_SIGN_IDENTITY[sdk=iphoneos*]" = "iPhone Distribution: Takahiko Watanabe";
				GCC_C_LANGUAGE_STANDARD = c99;
				GCC_WARN_ABOUT_RETURN_TYPE = YES;
				GCC_WARN_UNUSED_VARIABLE = YES;
				IPHONEOS_DEPLOYMENT_TARGET = 3.0;
				OTHER_CFLAGS = "-DNS_BLOCK_ASSERTIONS=1";
				PREBINDING = NO;
				"PROVISIONING_PROFILE[sdk=iphoneos*]" = "2FBC0528-FFAF-4DA5-8644-A412482F3127";
				SDKROOT = iphoneos;
			};
			name = Distribution;
		};
		EACCD36C13475AED0084B34D /* Distribution */ = {
			isa = XCBuildConfiguration;
			buildSettings = {
				ALWAYS_SEARCH_USER_PATHS = NO;
				COPY_PHASE_STRIP = YES;
				GCC_PRECOMPILE_PREFIX_HEADER = YES;
				GCC_PREFIX_HEADER = SunClock_Prefix.pch;
				INFOPLIST_FILE = "SunClock-Info.plist";
				PRODUCT_NAME = SunClock;
				VALIDATE_PRODUCT = YES;
			};
			name = Distribution;
		};
/* End XCBuildConfiguration section */

/* Begin XCConfigurationList section */
		1D6058960D05DD3E006BFB54 /* Build configuration list for PBXNativeTarget "SunClock" */ = {
			isa = XCConfigurationList;
			buildConfigurations = (
				1D6058940D05DD3E006BFB54 /* Debug */,
				1D6058950D05DD3E006BFB54 /* Release */,
				EACCD36C13475AED0084B34D /* Distribution */,
			);
			defaultConfigurationIsVisible = 0;
			defaultConfigurationName = Release;
		};
		C01FCF4E08A954540054247B /* Build configuration list for PBXProject "SunClock" */ = {
			isa = XCConfigurationList;
			buildConfigurations = (
				C01FCF4F08A954540054247B /* Debug */,
				C01FCF5008A954540054247B /* Release */,
				EACCD36B13475AED0084B34D /* Distribution */,
			);
			defaultConfigurationIsVisible = 0;
			defaultConfigurationName = Release;
		};
/* End XCConfigurationList section */
	};
	rootObject = 29B97313FDCFA39411CA2CEA /* Project object */;
}
